
Microsoft Visual Studio Solution File, Format Version 12.00
# Visual Studio 15
VisualStudioVersion = 15.0.27004.2006
MinimumVisualStudioVersion = 10.0.40219.1
Project("{FAE04EC0-301F-11D3-BF4B-00C04F79EFBC}") = "UrbanRunning.Android", "UrbanRunning\UrbanRunning.Android\UrbanRunning.Android.csproj", "{35FA2E03-90F4-4749-855B-002045E30E85}"
EndProject
Project("{FAE04EC0-301F-11D3-BF4B-00C04F79EFBC}") = "UrbanRunning", "UrbanRunning\UrbanRunning\UrbanRunning.csproj", "{05800602-4828-45CC-88F4-8461120D0957}"
EndProject
Project("{FAE04EC0-301F-11D3-BF4B-00C04F79EFBC}") = "UrbanRunning.UWP", "UrbanRunning\UrbanRunning.UWP\UrbanRunning.UWP.csproj", "{6DD0F37C-D570-4E16-AA83-3983E4807884}"
EndProject
Project("{FAE04EC0-301F-11D3-BF4B-00C04F79EFBC}") = "UrbanRunning.iOS", "UrbanRunning\UrbanRunning.iOS\UrbanRunning.iOS.csproj", "{BB31A5C1-D713-4C09-A181-70A5A2820931}"
EndProject
Global
	GlobalSection(SolutionConfigurationPlatforms) = preSolution
		Ad-Hoc|Any CPU = Ad-Hoc|Any CPU
		Ad-Hoc|ARM = Ad-Hoc|ARM
		Ad-Hoc|iPhone = Ad-Hoc|iPhone
		Ad-Hoc|iPhoneSimulator = Ad-Hoc|iPhoneSimulator
		Ad-Hoc|x64 = Ad-Hoc|x64
		Ad-Hoc|x86 = Ad-Hoc|x86
		AppStore|Any CPU = AppStore|Any CPU
		AppStore|ARM = AppStore|ARM
		AppStore|iPhone = AppStore|iPhone
		AppStore|iPhoneSimulator = AppStore|iPhoneSimulator
		AppStore|x64 = AppStore|x64
		AppStore|x86 = AppStore|x86
		Debug|Any CPU = Debug|Any CPU
		Debug|ARM = Debug|ARM
		Debug|iPhone = Debug|iPhone
		Debug|iPhoneSimulator = Debug|iPhoneSimulator
		Debug|x64 = Debug|x64
		Debug|x86 = Debug|x86
		Release|Any CPU = Release|Any CPU
		Release|ARM = Release|ARM
		Release|iPhone = Release|iPhone
		Release|iPhoneSimulator = Release|iPhoneSimulator
		Release|x64 = Release|x64
		Release|x86 = Release|x86
	EndGlobalSection
	GlobalSection(ProjectConfigurationPlatforms) = postSolution
		{35FA2E03-90F4-4749-855B-002045E30E85}.Ad-Hoc|Any CPU.ActiveCfg = Release|Any CPU
		{35FA2E03-90F4-4749-855B-002045E30E85}.Ad-Hoc|Any CPU.Build.0 = Release|Any CPU
		{35FA2E03-90F4-4749-855B-002045E30E85}.Ad-Hoc|Any CPU.Deploy.0 = Release|Any CPU
		{35FA2E03-90F4-4749-855B-002045E30E85}.Ad-Hoc|ARM.ActiveCfg = Release|Any CPU
		{35FA2E03-90F4-4749-855B-002045E30E85}.Ad-Hoc|ARM.Build.0 = Release|Any CPU
		{35FA2E03-90F4-4749-855B-002045E30E85}.Ad-Hoc|ARM.Deploy.0 = Release|Any CPU
		{35FA2E03-90F4-4749-855B-002045E30E85}.Ad-Hoc|iPhone.ActiveCfg = Release|Any CPU
		{35FA2E03-90F4-4749-855B-002045E30E85}.Ad-Hoc|iPhone.Build.0 = Release|Any CPU
		{35FA2E03-90F4-4749-855B-002045E30E85}.Ad-Hoc|iPhone.Deploy.0 = Release|Any CPU
		{35FA2E03-90F4-4749-855B-002045E30E85}.Ad-Hoc|iPhoneSimulator.ActiveCfg = Release|Any CPU
		{35FA2E03-90F4-4749-855B-002045E30E85}.Ad-Hoc|iPhoneSimulator.Build.0 = Release|Any CPU
		{35FA2E03-90F4-4749-855B-002045E30E85}.Ad-Hoc|iPhoneSimulator.Deploy.0 = Release|Any CPU
		{35FA2E03-90F4-4749-855B-002045E30E85}.Ad-Hoc|x64.ActiveCfg = Release|Any CPU
		{35FA2E03-90F4-4749-855B-002045E30E85}.Ad-Hoc|x64.Build.0 = Release|Any CPU
		{35FA2E03-90F4-4749-855B-002045E30E85}.Ad-Hoc|x64.Deploy.0 = Release|Any CPU
		{35FA2E03-90F4-4749-855B-002045E30E85}.Ad-Hoc|x86.ActiveCfg = Release|Any CPU
		{35FA2E03-90F4-4749-855B-002045E30E85}.Ad-Hoc|x86.Build.0 = Release|Any CPU
		{35FA2E03-90F4-4749-855B-002045E30E85}.Ad-Hoc|x86.Deploy.0 = Release|Any CPU
		{35FA2E03-90F4-4749-855B-002045E30E85}.AppStore|Any CPU.ActiveCfg = Release|Any CPU
		{35FA2E03-90F4-4749-855B-002045E30E85}.AppStore|Any CPU.Build.0 = Release|Any CPU
		{35FA2E03-90F4-4749-855B-002045E30E85}.AppStore|Any CPU.Deploy.0 = Release|Any CPU
		{35FA2E03-90F4-4749-855B-002045E30E85}.AppStore|ARM.ActiveCfg = Release|Any CPU
		{35FA2E03-90F4-4749-855B-002045E30E85}.AppStore|ARM.Build.0 = Release|Any CPU
		{35FA2E03-90F4-4749-855B-002045E30E85}.AppStore|ARM.Deploy.0 = Release|Any CPU
		{35FA2E03-90F4-4749-855B-002045E30E85}.AppStore|iPhone.ActiveCfg = Release|Any CPU
		{35FA2E03-90F4-4749-855B-002045E30E85}.AppStore|iPhone.Build.0 = Release|Any CPU
		{35FA2E03-90F4-4749-855B-002045E30E85}.AppStore|iPhone.Deploy.0 = Release|Any CPU
		{35FA2E03-90F4-4749-855B-002045E30E85}.AppStore|iPhoneSimulator.ActiveCfg = Release|Any CPU
		{35FA2E03-90F4-4749-855B-002045E30E85}.AppStore|iPhoneSimulator.Build.0 = Release|Any CPU
		{35FA2E03-90F4-4749-855B-002045E30E85}.AppStore|iPhoneSimulator.Deploy.0 = Release|Any CPU
		{35FA2E03-90F4-4749-855B-002045E30E85}.AppStore|x64.ActiveCfg = Release|Any CPU
		{35FA2E03-90F4-4749-855B-002045E30E85}.AppStore|x64.Build.0 = Release|Any CPU
		{35FA2E03-90F4-4749-855B-002045E30E85}.AppStore|x64.Deploy.0 = Release|Any CPU
		{35FA2E03-90F4-4749-855B-002045E30E85}.AppStore|x86.ActiveCfg = Release|Any CPU
		{35FA2E03-90F4-4749-855B-002045E30E85}.AppStore|x86.Build.0 = Release|Any CPU
		{35FA2E03-90F4-4749-855B-002045E30E85}.AppStore|x86.Deploy.0 = Release|Any CPU
		{35FA2E03-90F4-4749-855B-002045E30E85}.Debug|Any CPU.ActiveCfg = Debug|Any CPU
		{35FA2E03-90F4-4749-855B-002045E30E85}.Debug|Any CPU.Build.0 = Debug|Any CPU
		{35FA2E03-90F4-4749-855B-002045E30E85}.Debug|Any CPU.Deploy.0 = Debug|Any CPU
		{35FA2E03-90F4-4749-855B-002045E30E85}.Debug|ARM.ActiveCfg = Debug|Any CPU
		{35FA2E03-90F4-4749-855B-002045E30E85}.Debug|ARM.Build.0 = Debug|Any CPU
		{35FA2E03-90F4-4749-855B-002045E30E85}.Debug|ARM.Deploy.0 = Debug|Any CPU
		{35FA2E03-90F4-4749-855B-002045E30E85}.Debug|iPhone.ActiveCfg = Debug|Any CPU
		{35FA2E03-90F4-4749-855B-002045E30E85}.Debug|iPhone.Build.0 = Debug|Any CPU
		{35FA2E03-90F4-4749-855B-002045E30E85}.Debug|iPhone.Deploy.0 = Debug|Any CPU
		{35FA2E03-90F4-4749-855B-002045E30E85}.Debug|iPhoneSimulator.ActiveCfg = Debug|Any CPU
		{35FA2E03-90F4-4749-855B-002045E30E85}.Debug|iPhoneSimulator.Build.0 = Debug|Any CPU
		{35FA2E03-90F4-4749-855B-002045E30E85}.Debug|iPhoneSimulator.Deploy.0 = Debug|Any CPU
		{35FA2E03-90F4-4749-855B-002045E30E85}.Debug|x64.ActiveCfg = Debug|Any CPU
		{35FA2E03-90F4-4749-855B-002045E30E85}.Debug|x64.Build.0 = Debug|Any CPU
		{35FA2E03-90F4-4749-855B-002045E30E85}.Debug|x64.Deploy.0 = Debug|Any CPU
		{35FA2E03-90F4-4749-855B-002045E30E85}.Debug|x86.ActiveCfg = Debug|Any CPU
		{35FA2E03-90F4-4749-855B-002045E30E85}.Debug|x86.Build.0 = Debug|Any CPU
		{35FA2E03-90F4-4749-855B-002045E30E85}.Debug|x86.Deploy.0 = Debug|Any CPU
		{35FA2E03-90F4-4749-855B-002045E30E85}.Release|Any CPU.ActiveCfg = Release|Any CPU
		{35FA2E03-90F4-4749-855B-002045E30E85}.Release|Any CPU.Build.0 = Release|Any CPU
		{35FA2E03-90F4-4749-855B-002045E30E85}.Release|Any CPU.Deploy.0 = Release|Any CPU
		{35FA2E03-90F4-4749-855B-002045E30E85}.Release|ARM.ActiveCfg = Release|Any CPU
		{35FA2E03-90F4-4749-855B-002045E30E85}.Release|ARM.Build.0 = Release|Any CPU
		{35FA2E03-90F4-4749-855B-002045E30E85}.Release|ARM.Deploy.0 = Release|Any CPU
		{35FA2E03-90F4-4749-855B-002045E30E85}.Release|iPhone.ActiveCfg = Release|Any CPU
		{35FA2E03-90F4-4749-855B-002045E30E85}.Release|iPhone.Build.0 = Release|Any CPU
		{35FA2E03-90F4-4749-855B-002045E30E85}.Release|iPhone.Deploy.0 = Release|Any CPU
		{35FA2E03-90F4-4749-855B-002045E30E85}.Release|iPhoneSimulator.ActiveCfg = Release|Any CPU
		{35FA2E03-90F4-4749-855B-002045E30E85}.Release|iPhoneSimulator.Build.0 = Release|Any CPU
		{35FA2E03-90F4-4749-855B-002045E30E85}.Release|iPhoneSimulator.Deploy.0 = Release|Any CPU
		{35FA2E03-90F4-4749-855B-002045E30E85}.Release|x64.ActiveCfg = Release|Any CPU
		{35FA2E03-90F4-4749-855B-002045E30E85}.Release|x64.Build.0 = Release|Any CPU
		{35FA2E03-90F4-4749-855B-002045E30E85}.Release|x64.Deploy.0 = Release|Any CPU
		{35FA2E03-90F4-4749-855B-002045E30E85}.Release|x86.ActiveCfg = Release|Any CPU
		{35FA2E03-90F4-4749-855B-002045E30E85}.Release|x86.Build.0 = Release|Any CPU
		{35FA2E03-90F4-4749-855B-002045E30E85}.Release|x86.Deploy.0 = Release|Any CPU
		{05800602-4828-45CC-88F4-8461120D0957}.Ad-Hoc|Any CPU.ActiveCfg = Release|Any CPU
		{05800602-4828-45CC-88F4-8461120D0957}.Ad-Hoc|Any CPU.Build.0 = Release|Any CPU
		{05800602-4828-45CC-88F4-8461120D0957}.Ad-Hoc|ARM.ActiveCfg = Release|Any CPU
		{05800602-4828-45CC-88F4-8461120D0957}.Ad-Hoc|ARM.Build.0 = Release|Any CPU
		{05800602-4828-45CC-88F4-8461120D0957}.Ad-Hoc|iPhone.ActiveCfg = Release|Any CPU
		{05800602-4828-45CC-88F4-8461120D0957}.Ad-Hoc|iPhone.Build.0 = Release|Any CPU
		{05800602-4828-45CC-88F4-8461120D0957}.Ad-Hoc|iPhoneSimulator.ActiveCfg = Release|Any CPU
		{05800602-4828-45CC-88F4-8461120D0957}.Ad-Hoc|iPhoneSimulator.Build.0 = Release|Any CPU
		{05800602-4828-45CC-88F4-8461120D0957}.Ad-Hoc|x64.ActiveCfg = Release|Any CPU
		{05800602-4828-45CC-88F4-8461120D0957}.Ad-Hoc|x64.Build.0 = Release|Any CPU
		{05800602-4828-45CC-88F4-8461120D0957}.Ad-Hoc|x86.ActiveCfg = Release|Any CPU
		{05800602-4828-45CC-88F4-8461120D0957}.Ad-Hoc|x86.Build.0 = Release|Any CPU
		{05800602-4828-45CC-88F4-8461120D0957}.AppStore|Any CPU.ActiveCfg = Release|Any CPU
		{05800602-4828-45CC-88F4-8461120D0957}.AppStore|Any CPU.Build.0 = Release|Any CPU
		{05800602-4828-45CC-88F4-8461120D0957}.AppStore|ARM.ActiveCfg = Release|Any CPU
		{05800602-4828-45CC-88F4-8461120D0957}.AppStore|ARM.Build.0 = Release|Any CPU
		{05800602-4828-45CC-88F4-8461120D0957}.AppStore|iPhone.ActiveCfg = Release|Any CPU
		{05800602-4828-45CC-88F4-8461120D0957}.AppStore|iPhone.Build.0 = Release|Any CPU
		{05800602-4828-45CC-88F4-8461120D0957}.AppStore|iPhoneSimulator.ActiveCfg = Release|Any CPU
		{05800602-4828-45CC-88F4-8461120D0957}.AppStore|iPhoneSimulator.Build.0 = Release|Any CPU
		{05800602-4828-45CC-88F4-8461120D0957}.AppStore|x64.ActiveCfg = Release|Any CPU
		{05800602-4828-45CC-88F4-8461120D0957}.AppStore|x64.Build.0 = Release|Any CPU
		{05800602-4828-45CC-88F4-8461120D0957}.AppStore|x86.ActiveCfg = Release|Any CPU
		{05800602-4828-45CC-88F4-8461120D0957}.AppStore|x86.Build.0 = Release|Any CPU
		{05800602-4828-45CC-88F4-8461120D0957}.Debug|Any CPU.ActiveCfg = Debug|Any CPU
		{05800602-4828-45CC-88F4-8461120D0957}.Debug|Any CPU.Build.0 = Debug|Any CPU
		{05800602-4828-45CC-88F4-8461120D0957}.Debug|ARM.ActiveCfg = Debug|Any CPU
		{05800602-4828-45CC-88F4-8461120D0957}.Debug|ARM.Build.0 = Debug|Any CPU
		{05800602-4828-45CC-88F4-8461120D0957}.Debug|iPhone.ActiveCfg = Debug|Any CPU
		{05800602-4828-45CC-88F4-8461120D0957}.Debug|iPhone.Build.0 = Debug|Any CPU
		{05800602-4828-45CC-88F4-8461120D0957}.Debug|iPhoneSimulator.ActiveCfg = Debug|Any CPU
		{05800602-4828-45CC-88F4-8461120D0957}.Debug|iPhoneSimulator.Build.0 = Debug|Any CPU
		{05800602-4828-45CC-88F4-8461120D0957}.Debug|x64.ActiveCfg = Debug|Any CPU
		{05800602-4828-45CC-88F4-8461120D0957}.Debug|x64.Build.0 = Debug|Any CPU
		{05800602-4828-45CC-88F4-8461120D0957}.Debug|x86.ActiveCfg = Debug|Any CPU
		{05800602-4828-45CC-88F4-8461120D0957}.Debug|x86.Build.0 = Debug|Any CPU
		{05800602-4828-45CC-88F4-8461120D0957}.Release|Any CPU.ActiveCfg = Release|Any CPU
		{05800602-4828-45CC-88F4-8461120D0957}.Release|Any CPU.Build.0 = Release|Any CPU
		{05800602-4828-45CC-88F4-8461120D0957}.Release|ARM.ActiveCfg = Release|Any CPU
		{05800602-4828-45CC-88F4-8461120D0957}.Release|ARM.Build.0 = Release|Any CPU
		{05800602-4828-45CC-88F4-8461120D0957}.Release|iPhone.ActiveCfg = Release|Any CPU
		{05800602-4828-45CC-88F4-8461120D0957}.Release|iPhone.Build.0 = Release|Any CPU
		{05800602-4828-45CC-88F4-8461120D0957}.Release|iPhoneSimulator.ActiveCfg = Release|Any CPU
		{05800602-4828-45CC-88F4-8461120D0957}.Release|iPhoneSimulator.Build.0 = Release|Any CPU
		{05800602-4828-45CC-88F4-8461120D0957}.Release|x64.ActiveCfg = Release|Any CPU
		{05800602-4828-45CC-88F4-8461120D0957}.Release|x64.Build.0 = Release|Any CPU
		{05800602-4828-45CC-88F4-8461120D0957}.Release|x86.ActiveCfg = Release|Any CPU
		{05800602-4828-45CC-88F4-8461120D0957}.Release|x86.Build.0 = Release|Any CPU
		{6DD0F37C-D570-4E16-AA83-3983E4807884}.Ad-Hoc|Any CPU.ActiveCfg = Release|x86
		{6DD0F37C-D570-4E16-AA83-3983E4807884}.Ad-Hoc|Any CPU.Build.0 = Release|x86
		{6DD0F37C-D570-4E16-AA83-3983E4807884}.Ad-Hoc|Any CPU.Deploy.0 = Release|x86
		{6DD0F37C-D570-4E16-AA83-3983E4807884}.Ad-Hoc|ARM.ActiveCfg = Release|ARM
		{6DD0F37C-D570-4E16-AA83-3983E4807884}.Ad-Hoc|ARM.Build.0 = Release|ARM
		{6DD0F37C-D570-4E16-AA83-3983E4807884}.Ad-Hoc|ARM.Deploy.0 = Release|ARM
		{6DD0F37C-D570-4E16-AA83-3983E4807884}.Ad-Hoc|iPhone.ActiveCfg = Release|x86
		{6DD0F37C-D570-4E16-AA83-3983E4807884}.Ad-Hoc|iPhone.Build.0 = Release|x86
		{6DD0F37C-D570-4E16-AA83-3983E4807884}.Ad-Hoc|iPhone.Deploy.0 = Release|x86
		{6DD0F37C-D570-4E16-AA83-3983E4807884}.Ad-Hoc|iPhoneSimulator.ActiveCfg = Release|x86
		{6DD0F37C-D570-4E16-AA83-3983E4807884}.Ad-Hoc|iPhoneSimulator.Build.0 = Release|x86
		{6DD0F37C-D570-4E16-AA83-3983E4807884}.Ad-Hoc|iPhoneSimulator.Deploy.0 = Release|x86
		{6DD0F37C-D570-4E16-AA83-3983E4807884}.Ad-Hoc|x64.ActiveCfg = Release|x64
		{6DD0F37C-D570-4E16-AA83-3983E4807884}.Ad-Hoc|x64.Build.0 = Release|x64
		{6DD0F37C-D570-4E16-AA83-3983E4807884}.Ad-Hoc|x64.Deploy.0 = Release|x64
		{6DD0F37C-D570-4E16-AA83-3983E4807884}.Ad-Hoc|x86.ActiveCfg = Release|x86
		{6DD0F37C-D570-4E16-AA83-3983E4807884}.Ad-Hoc|x86.Build.0 = Release|x86
		{6DD0F37C-D570-4E16-AA83-3983E4807884}.Ad-Hoc|x86.Deploy.0 = Release|x86
		{6DD0F37C-D570-4E16-AA83-3983E4807884}.AppStore|Any CPU.ActiveCfg = Release|x86
		{6DD0F37C-D570-4E16-AA83-3983E4807884}.AppStore|Any CPU.Build.0 = Release|x86
		{6DD0F37C-D570-4E16-AA83-3983E4807884}.AppStore|Any CPU.Deploy.0 = Release|x86
		{6DD0F37C-D570-4E16-AA83-3983E4807884}.AppStore|ARM.ActiveCfg = Release|ARM
		{6DD0F37C-D570-4E16-AA83-3983E4807884}.AppStore|ARM.Build.0 = Release|ARM
		{6DD0F37C-D570-4E16-AA83-3983E4807884}.AppStore|ARM.Deploy.0 = Release|ARM
		{6DD0F37C-D570-4E16-AA83-3983E4807884}.AppStore|iPhone.ActiveCfg = Release|x86
		{6DD0F37C-D570-4E16-AA83-3983E4807884}.AppStore|iPhone.Build.0 = Release|x86
		{6DD0F37C-D570-4E16-AA83-3983E4807884}.AppStore|iPhone.Deploy.0 = Release|x86
		{6DD0F37C-D570-4E16-AA83-3983E4807884}.AppStore|iPhoneSimulator.ActiveCfg = Release|x86
		{6DD0F37C-D570-4E16-AA83-3983E4807884}.AppStore|iPhoneSimulator.Build.0 = Release|x86
		{6DD0F37C-D570-4E16-AA83-3983E4807884}.AppStore|iPhoneSimulator.Deploy.0 = Release|x86
		{6DD0F37C-D570-4E16-AA83-3983E4807884}.AppStore|x64.ActiveCfg = Release|x64
		{6DD0F37C-D570-4E16-AA83-3983E4807884}.AppStore|x64.Build.0 = Release|x64
		{6DD0F37C-D570-4E16-AA83-3983E4807884}.AppStore|x64.Deploy.0 = Release|x64
		{6DD0F37C-D570-4E16-AA83-3983E4807884}.AppStore|x86.ActiveCfg = Release|x86
		{6DD0F37C-D570-4E16-AA83-3983E4807884}.AppStore|x86.Build.0 = Release|x86
		{6DD0F37C-D570-4E16-AA83-3983E4807884}.AppStore|x86.Deploy.0 = Release|x86
		{6DD0F37C-D570-4E16-AA83-3983E4807884}.Debug|Any CPU.ActiveCfg = Debug|x86
		{6DD0F37C-D570-4E16-AA83-3983E4807884}.Debug|Any CPU.Build.0 = Debug|x86
		{6DD0F37C-D570-4E16-AA83-3983E4807884}.Debug|Any CPU.Deploy.0 = Debug|x86
		{6DD0F37C-D570-4E16-AA83-3983E4807884}.Debug|ARM.ActiveCfg = Debug|ARM
		{6DD0F37C-D570-4E16-AA83-3983E4807884}.Debug|ARM.Build.0 = Debug|ARM
		{6DD0F37C-D570-4E16-AA83-3983E4807884}.Debug|ARM.Deploy.0 = Debug|ARM
		{6DD0F37C-D570-4E16-AA83-3983E4807884}.Debug|iPhone.ActiveCfg = Debug|x86
		{6DD0F37C-D570-4E16-AA83-3983E4807884}.Debug|iPhoneSimulator.ActiveCfg = Debug|x86
		{6DD0F37C-D570-4E16-AA83-3983E4807884}.Debug|x64.ActiveCfg = Debug|x64
		{6DD0F37C-D570-4E16-AA83-3983E4807884}.Debug|x64.Build.0 = Debug|x64
		{6DD0F37C-D570-4E16-AA83-3983E4807884}.Debug|x64.Deploy.0 = Debug|x64
		{6DD0F37C-D570-4E16-AA83-3983E4807884}.Debug|x86.ActiveCfg = Debug|x86
		{6DD0F37C-D570-4E16-AA83-3983E4807884}.Debug|x86.Build.0 = Debug|x86
		{6DD0F37C-D570-4E16-AA83-3983E4807884}.Debug|x86.Deploy.0 = Debug|x86
		{6DD0F37C-D570-4E16-AA83-3983E4807884}.Release|Any CPU.ActiveCfg = Release|x86
		{6DD0F37C-D570-4E16-AA83-3983E4807884}.Release|ARM.ActiveCfg = Release|ARM
		{6DD0F37C-D570-4E16-AA83-3983E4807884}.Release|ARM.Build.0 = Release|ARM
		{6DD0F37C-D570-4E16-AA83-3983E4807884}.Release|ARM.Deploy.0 = Release|ARM
		{6DD0F37C-D570-4E16-AA83-3983E4807884}.Release|iPhone.ActiveCfg = Release|x86
		{6DD0F37C-D570-4E16-AA83-3983E4807884}.Release|iPhoneSimulator.ActiveCfg = Release|x86
		{6DD0F37C-D570-4E16-AA83-3983E4807884}.Release|x64.ActiveCfg = Release|x64
		{6DD0F37C-D570-4E16-AA83-3983E4807884}.Release|x64.Build.0 = Release|x64
		{6DD0F37C-D570-4E16-AA83-3983E4807884}.Release|x64.Deploy.0 = Release|x64
		{6DD0F37C-D570-4E16-AA83-3983E4807884}.Release|x86.ActiveCfg = Release|x86
		{6DD0F37C-D570-4E16-AA83-3983E4807884}.Release|x86.Build.0 = Release|x86
		{6DD0F37C-D570-4E16-AA83-3983E4807884}.Release|x86.Deploy.0 = Release|x86
		{BB31A5C1-D713-4C09-A181-70A5A2820931}.Ad-Hoc|Any CPU.ActiveCfg = Ad-Hoc|iPhoneSimulator
		{BB31A5C1-D713-4C09-A181-70A5A2820931}.Ad-Hoc|ARM.ActiveCfg = Ad-Hoc|iPhone
		{BB31A5C1-D713-4C09-A181-70A5A2820931}.Ad-Hoc|iPhone.ActiveCfg = Ad-Hoc|iPhone
		{BB31A5C1-D713-4C09-A181-70A5A2820931}.Ad-Hoc|iPhone.Build.0 = Ad-Hoc|iPhone
		{BB31A5C1-D713-4C09-A181-70A5A2820931}.Ad-Hoc|iPhoneSimulator.ActiveCfg = Ad-Hoc|iPhoneSimulator
		{BB31A5C1-D713-4C09-A181-70A5A2820931}.Ad-Hoc|iPhoneSimulator.Build.0 = Ad-Hoc|iPhoneSimulator
		{BB31A5C1-D713-4C09-A181-70A5A2820931}.Ad-Hoc|x64.ActiveCfg = Ad-Hoc|iPhone
		{BB31A5C1-D713-4C09-A181-70A5A2820931}.Ad-Hoc|x86.ActiveCfg = Ad-Hoc|iPhone
		{BB31A5C1-D713-4C09-A181-70A5A2820931}.AppStore|Any CPU.ActiveCfg = AppStore|iPhoneSimulator
		{BB31A5C1-D713-4C09-A181-70A5A2820931}.AppStore|ARM.ActiveCfg = AppStore|iPhone
		{BB31A5C1-D713-4C09-A181-70A5A2820931}.AppStore|iPhone.ActiveCfg = AppStore|iPhone
		{BB31A5C1-D713-4C09-A181-70A5A2820931}.AppStore|iPhone.Build.0 = AppStore|iPhone
		{BB31A5C1-D713-4C09-A181-70A5A2820931}.AppStore|iPhoneSimulator.ActiveCfg = AppStore|iPhoneSimulator
		{BB31A5C1-D713-4C09-A181-70A5A2820931}.AppStore|iPhoneSimulator.Build.0 = AppStore|iPhoneSimulator
		{BB31A5C1-D713-4C09-A181-70A5A2820931}.AppStore|x64.ActiveCfg = AppStore|iPhone
		{BB31A5C1-D713-4C09-A181-70A5A2820931}.AppStore|x86.ActiveCfg = AppStore|iPhone
		{BB31A5C1-D713-4C09-A181-70A5A2820931}.Debug|Any CPU.ActiveCfg = Debug|iPhoneSimulator
		{BB31A5C1-D713-4C09-A181-70A5A2820931}.Debug|ARM.ActiveCfg = Debug|iPhone
		{BB31A5C1-D713-4C09-A181-70A5A2820931}.Debug|iPhone.ActiveCfg = Debug|iPhone
		{BB31A5C1-D713-4C09-A181-70A5A2820931}.Debug|iPhone.Build.0 = Debug|iPhone
		{BB31A5C1-D713-4C09-A181-70A5A2820931}.Debug|iPhoneSimulator.ActiveCfg = Debug|iPhoneSimulator
		{BB31A5C1-D713-4C09-A181-70A5A2820931}.Debug|iPhoneSimulator.Build.0 = Debug|iPhoneSimulator
		{BB31A5C1-D713-4C09-A181-70A5A2820931}.Debug|x64.ActiveCfg = Debug|iPhone
		{BB31A5C1-D713-4C09-A181-70A5A2820931}.Debug|x86.ActiveCfg = Debug|iPhone
		{BB31A5C1-D713-4C09-A181-70A5A2820931}.Debug|x86.Build.0 = Debug|iPhone
		{BB31A5C1-D713-4C09-A181-70A5A2820931}.Release|Any CPU.ActiveCfg = Release|iPhoneSimulator
		{BB31A5C1-D713-4C09-A181-70A5A2820931}.Release|ARM.ActiveCfg = Release|iPhone
		{BB31A5C1-D713-4C09-A181-70A5A2820931}.Release|iPhone.ActiveCfg = Release|iPhone
		{BB31A5C1-D713-4C09-A181-70A5A2820931}.Release|iPhone.Build.0 = Release|iPhone
		{BB31A5C1-D713-4C09-A181-70A5A2820931}.Release|iPhoneSimulator.ActiveCfg = Release|iPhoneSimulator
		{BB31A5C1-D713-4C09-A181-70A5A2820931}.Release|iPhoneSimulator.Build.0 = Release|iPhoneSimulator
		{BB31A5C1-D713-4C09-A181-70A5A2820931}.Release|x64.ActiveCfg = Release|iPhone
		{BB31A5C1-D713-4C09-A181-70A5A2820931}.Release|x86.ActiveCfg = Release|iPhone
	EndGlobalSection
	GlobalSection(SolutionProperties) = preSolution
		HideSolutionNode = FALSE
	EndGlobalSection
	GlobalSection(ExtensibilityGlobals) = postSolution
		SolutionGuid = {BA39D31B-6D5F-4E74-954B-2BFC18318A7F}
	EndGlobalSection
EndGlobal
